
Microsoft Visual Studio Solution File, Format Version 11.00
# Visual Studio 2010
Project("{FAE04EC0-301F-11D3-BF4B-00C04F79EFBC}") = "CoreCI.Server", "CoreCI.Server\CoreCI.Server.csproj", "{FDFB5540-94C1-42D1-ACDA-1A3F8E4CCAEF}"
EndProject
Project("{FAE04EC0-301F-11D3-BF4B-00C04F79EFBC}") = "CoreCI.Worker", "CoreCI.Worker\CoreCI.Worker.csproj", "{FF31BBD8-FFA1-42CA-B395-FEA78B653D47}"
EndProject
Project("{FAE04EC0-301F-11D3-BF4B-00C04F79EFBC}") = "CoreCI.Contracts", "CoreCI.Contracts\CoreCI.Contracts.csproj", "{D34081AB-46F0-4830-8DEE-711D96276B7C}"
EndProject
Project("{FAE04EC0-301F-11D3-BF4B-00C04F79EFBC}") = "CoreCI.Common", "CoreCI.Common\CoreCI.Common.csproj", "{8AB806FC-1E14-4789-B578-DA429B2B265E}"
EndProject
Project("{FAE04EC0-301F-11D3-BF4B-00C04F79EFBC}") = "CoreCI.Models", "CoreCI.Models\CoreCI.Models.csproj", "{D64D07E2-7C2F-4363-8758-CBC0B68FA1A5}"
EndProject
Global
	GlobalSection(SolutionConfigurationPlatforms) = preSolution
		Debug|x86 = Debug|x86
		Release|x86 = Release|x86
	EndGlobalSection
	GlobalSection(ProjectConfigurationPlatforms) = postSolution
		{8AB806FC-1E14-4789-B578-DA429B2B265E}.Debug|x86.ActiveCfg = Debug|Any CPU
		{8AB806FC-1E14-4789-B578-DA429B2B265E}.Debug|x86.Build.0 = Debug|Any CPU
		{8AB806FC-1E14-4789-B578-DA429B2B265E}.Release|x86.ActiveCfg = Release|Any CPU
		{8AB806FC-1E14-4789-B578-DA429B2B265E}.Release|x86.Build.0 = Release|Any CPU
		{D34081AB-46F0-4830-8DEE-711D96276B7C}.Debug|x86.ActiveCfg = Debug|Any CPU
		{D34081AB-46F0-4830-8DEE-711D96276B7C}.Debug|x86.Build.0 = Debug|Any CPU
		{D34081AB-46F0-4830-8DEE-711D96276B7C}.Release|x86.ActiveCfg = Release|Any CPU
		{D34081AB-46F0-4830-8DEE-711D96276B7C}.Release|x86.Build.0 = Release|Any CPU
		{D64D07E2-7C2F-4363-8758-CBC0B68FA1A5}.Debug|x86.ActiveCfg = Debug|Any CPU
		{D64D07E2-7C2F-4363-8758-CBC0B68FA1A5}.Debug|x86.Build.0 = Debug|Any CPU
		{D64D07E2-7C2F-4363-8758-CBC0B68FA1A5}.Release|x86.ActiveCfg = Release|Any CPU
		{D64D07E2-7C2F-4363-8758-CBC0B68FA1A5}.Release|x86.Build.0 = Release|Any CPU
		{FDFB5540-94C1-42D1-ACDA-1A3F8E4CCAEF}.Debug|x86.ActiveCfg = Debug|x86
		{FDFB5540-94C1-42D1-ACDA-1A3F8E4CCAEF}.Debug|x86.Build.0 = Debug|x86
		{FDFB5540-94C1-42D1-ACDA-1A3F8E4CCAEF}.Release|x86.ActiveCfg = Release|x86
		{FDFB5540-94C1-42D1-ACDA-1A3F8E4CCAEF}.Release|x86.Build.0 = Release|x86
		{FF31BBD8-FFA1-42CA-B395-FEA78B653D47}.Debug|x86.ActiveCfg = Debug|x86
		{FF31BBD8-FFA1-42CA-B395-FEA78B653D47}.Debug|x86.Build.0 = Debug|x86
		{FF31BBD8-FFA1-42CA-B395-FEA78B653D47}.Release|x86.ActiveCfg = Release|x86
		{FF31BBD8-FFA1-42CA-B395-FEA78B653D47}.Release|x86.Build.0 = Release|x86
	EndGlobalSection
	GlobalSection(MonoDevelopProperties) = preSolution
		StartupItem = CoreCI.Server\CoreCI.Server.csproj
		Policies = $0
		$0.DotNetNamingPolicy = $1
		$1.DirectoryNamespaceAssociation = PrefixedHierarchical
		$1.ResourceNamePolicy = FileFormatDefault
	EndGlobalSection
EndGlobal
